lockfileVersion: '9.0'

settings:
  autoInstallPeers: true
  excludeLinksFromLockfile: false

importers:

  .:
    dependencies:
      '@ai-sdk/openai':
        specifier: ^4.0.58
        version: 4.0.80(zod@4.6.5)
      '@mcp-use/client':
        specifier: file:../../..
        version: file:../../..(zod@4.6.5)
      ai:
        specifier: ^7.0.92
        version: 7.0.122(zod@4.6.5)

packages:

  '@ai-sdk/gateway@4.0.100':
    resolution: {integrity: sha512-diJXVW2D1/NUW2JSg99b8yTpN8eW9AK5ntXSW4B7NrsW5STqwcGJAAOFlfOrQBzYHJlWReyy11WefWetdx4Qsw==}
    engines: {node: '>=22'}
    peerDependencies:
      zod: ^3.25.76 || ^4.1.8

  '@ai-sdk/openai@4.0.80':
    resolution: {integrity: sha512-rd3IiSqiniCSB+3E6FryRb3VfNgBErRqklp50zUqA90EovtumFglzHZfRRjBnUfw49aArKvpWwMe5/1RGZDaKg==}
    engines: {node: '>=22'}
    peerDependencies:
      zod: ^3.25.76 || ^4.1.8

  '@ai-sdk/provider-utils@5.0.51':
    resolution: {integrity: sha512-z0IsEsDx+dxlZqyCtDjMbBj16NGmxFVTgQcP3+n3EFm9ttNU6wjOgL/kgvaPwtmZM6F7JbtRuLyzr6WOfo5DMw==}
    engines: {node: '>=22'}
    peerDependencies:
      zod: ^3.25.76 || ^4.1.8

  '@ai-sdk/provider@4.0.19':
    resolution: {integrity: sha512-ryVZSSfmpEsr4bM8rbt9cSBWal+KGYRrm57C+k/hiPQHMiMahaqg2bPF0MpxSUWY8mGpt7s/ajM6PAqNTMKqPQ==}
    engines: {node: '>=22'}

  '@mcp-use/client@file:../../..':
    resolution: {directory: ../../.., type: directory}
    engines: {node: '>=22.22.2'}
    peerDependencies:
      '@e2b/code-interpreter': ^2.6.1
      react: ^18.0.0 || ^19.0.0
      zod: ^4.2.0
    peerDependenciesMeta:
      '@e2b/code-interpreter':
        optional: true
      react:
        optional: true

  '@modelcontextprotocol/client@2.3.1':
    resolution: {integrity: sha512-mIGZXpHsjnZ6lD+gD/WCMpR5k8yVQQ8nNFH1N0Srf7AvnwTUMYD6pvTY8ng2+He5FfV7YMZLmrjL7cLa/cc3dQ==}
    engines: {node: '>=20'}

  '@modelcontextprotocol/core@2.3.1':
    resolution: {integrity: sha512-laVmIhPGpWi7rG9q+0UigblRN0Hws/Yjlb6qLFtVqryXVLkc4h+yN8z731POD2LnAGQlFe7/tXhUm7Bi0YB91g==}
    engines: {node: '>=20'}

  '@modelcontextprotocol/ext-apps@2.0.3':
    resolution: {integrity: sha512-Tn+4+cyhO4f4cQSDxNyLiIfEE+qlTTuIbWBJB8JTinEXOhDYgCT4wDTQplxD9MBYZH5pCYGC59GaxiwIT4bu8w==}
    engines: {node: '>=20'}
    peerDependencies:
      '@modelcontextprotocol/client': ^2.0.0
      '@modelcontextprotocol/core': ^2.0.0
      '@modelcontextprotocol/server': ^2.0.0
      react: ^17.0.0 || ^18.0.0 || ^19.0.0
      react-dom: ^17.0.0 || ^18.0.0 || ^19.0.0
      zod: ^4.2.0
    peerDependenciesMeta:
      '@modelcontextprotocol/server':
        optional: true
      react:
        optional: true
      react-dom:
        optional: true

  '@standard-schema/spec@1.1.0':
    resolution: {integrity: sha512-l2aFy5jALhniG5HgqrD6jXLi/rUWrKvqN/qJx6yoJsgKhblVd+iqqU4RCXavm/jPityDo5TCvKMnpjKnOriy0w==}

  '@vercel/oidc@3.2.0':
    resolution: {integrity: sha512-UycprH3T6n3jH0k44NHMa7pnFHGu/N05MjojYr+Mc6I7obkoLIJujSWwin1pCvdy/eOxrI/l3uDLQsmcrOb4ug==}
    engines: {node: '>= 20'}

  '@workflow/serde@4.1.0':
    resolution: {integrity: sha512-pav4F2BoirECWR7Nf1TKt+2eETcBj7jj4cBefQ8VXQCA6NPkaKeLfj/zMgi+3zYV5ZIBT4GuUiphsj0/b9hPQQ==}

  ai@7.0.122:
    resolution: {integrity: sha512-Un4yVROG+BMd6Q62xUxb9yV+wlTrUGeXhRtg5ltEFDV0p3lOYQaQHK9ozB6rdPdqlH3LyaszfbFdUkZ1p00nIQ==}
    engines: {node: '>=22'}
    peerDependencies:
      zod: ^3.25.76 || ^4.1.8

  cross-spawn@7.0.6:
    resolution: {integrity: sha512-uV2QOWP2nWzsy2aMp8aRibhi9dlzF5Hgh5SHaB9OiTGEyDTiJJyx0uy51QXdyWbtAHNua4XJzUKca3OzKUd3vA==}
    engines: {node: '>= 8'}

  eventsource-parser@3.1.1:
    resolution: {integrity: sha512-EKN1vKAMcZ8MlYMpaNuxN6R9yakzH6uajHcHVTqWJzvu5pWw9DyhbP35HH8MVBQ+dZjAfDxk+A8NiR9KWaXiyQ==}
    engines: {node: '>=18.0.0'}

  eventsource@3.0.7:
    resolution: {integrity: sha512-CRT1WTyuQoD771GW56XEZFQ/ZoSfWid1alKGDYMmkt2yl8UXrVR4pspqWNEcqKvVIzg6PAltWjxcSSPrboA4iA==}
    engines: {node: '>=18.0.0'}

  isexe@2.0.0:
    resolution: {integrity: sha512-RHxMLp9lnKHGHRng9QFhRCMbYAcVpn69smSGcq3f36xjgVVWThj4qqLbTLlq7Ssj8B+fIQ1EuCEGI2lKsyQeIw==}

  jose@6.2.12:
    resolution: {integrity: sha512-9NiFmJEex0sy2Dk58j2UGBSHgUs2ypF9eZSu4L6vjOX3Dp96Sw1F3uL+H+D1sx02jZZdzUT0HgvCy59CuvXcWw==}

  json-schema@0.4.0:
    resolution: {integrity: sha512-es94M3nTIfsEPisRafak+HDLfHXnKBhV3vU5eqPcS3flIWqcxJWgXHXiey3YrpaNsanY5ei1VoYEbOzijuq9BA==}

  path-key@3.1.1:
    resolution: {integrity: sha512-ojmeN0qd+y0jszEtoY48r0Peq5dwMEkIlCOu6Q5f41lfkswXuKtYrhgoTpLnyIcHm24Uhqx+5Tqm2InSwLhE6Q==}
    engines: {node: '>=8'}

  pkce-challenge@5.0.1:
    resolution: {integrity: sha512-wQ0b/W4Fr01qtpHlqSqspcj3EhBvimsdh0KlHhH8HRZnMsEa0ea2fTULOXOS9ccQr3om+GcGRk4e+isrZWV8qQ==}
    engines: {node: '>=16.20.0'}

  shebang-command@2.0.0:
    resolution: {integrity: sha512-kHxr2zZpYtdmrN1qDjrrX/Z1rR1kG8Dx+gkpK1G4eXmvXswmcE1hTWBWYUzlraYw1/yZp6YuDY77YtvbN0dmDA==}
    engines: {node: '>=8'}

  shebang-regex@3.0.0:
    resolution: {integrity: sha512-7++dFhtcx3353uBaq8DDR4NuxBetBzC7ZQOhmTQInHEd6bSrXdiEyzCvG07Z44UYdLShWUyXt5M/yhz8ekcb1A==}
    engines: {node: '>=8'}

  undici@7.30.0:
    resolution: {integrity: sha512-dkrQXeHSaoamnItlYbmzG0wFYrM0ZwDxCIg0A7aKjTyyhh9svRzCNFEzV+Vm05/yehjCzjDZ31KXfGEjYSztDQ==}
    engines: {node: '>=20.18.1'}

  which@2.0.2:
    resolution: {integrity: sha512-BLI3Tl1TW3Pvl70l3yq3Y64i+awpwXqsGBYWkkqMtnbXgrMD+yj7rhW0kuEDxzJaYXGjEW5ogapKNMEKNMjibA==}
    engines: {node: '>= 8'}
    hasBin: true

  zod@4.6.5:
    resolution: {integrity: sha512-v5l/aFXZQeai4awLbOpSoHecE9UiMrnfx75tEXLjNonXVARxQ5mOeipTjROUchszUNCqnE+hqAMujRsRHsut2Q==}

snapshots:

  '@ai-sdk/gateway@4.0.100(zod@4.6.5)':
    dependencies:
      '@ai-sdk/provider': 4.0.19
      '@ai-sdk/provider-utils': 5.0.51(zod@4.6.5)
      '@vercel/oidc': 3.2.0
      zod: 4.6.5

  '@ai-sdk/openai@4.0.80(zod@4.6.5)':
    dependencies:
      '@ai-sdk/provider': 4.0.19
      '@ai-sdk/provider-utils': 5.0.51(zod@4.6.5)
      zod: 4.6.5

  '@ai-sdk/provider-utils@5.0.51(zod@4.6.5)':
    dependencies:
      '@ai-sdk/provider': 4.0.19
      '@standard-schema/spec': 1.1.0
      '@workflow/serde': 4.1.0
      eventsource-parser: 3.1.1
      undici: 7.30.0
      zod: 4.6.5

  '@ai-sdk/provider@4.0.19':
    dependencies:
      json-schema: 0.4.0

  '@mcp-use/client@file:../../..(zod@4.6.5)':
    dependencies:
      '@modelcontextprotocol/client': 2.3.1
      '@modelcontextprotocol/core': 2.3.1
      '@modelcontextprotocol/ext-apps': 2.0.3(@modelcontextprotocol/client@2.3.1)(@modelcontextprotocol/core@2.3.1)(zod@4.6.5)
      zod: 4.6.5
    transitivePeerDependencies:
      - '@modelcontextprotocol/server'
      - react-dom

  '@modelcontextprotocol/client@2.3.1':
    dependencies:
      '@modelcontextprotocol/core': 2.3.1
      cross-spawn: 7.0.6
      eventsource: 3.0.7
      eventsource-parser: 3.1.1
      jose: 6.2.12
      pkce-challenge: 5.0.1
      zod: 4.6.5

  '@modelcontextprotocol/core@2.3.1':
    dependencies:
      zod: 4.6.5

  '@modelcontextprotocol/ext-apps@2.0.3(@modelcontextprotocol/client@2.3.1)(@modelcontextprotocol/core@2.3.1)(zod@4.6.5)':
    dependencies:
      '@modelcontextprotocol/client': 2.3.1
      '@modelcontextprotocol/core': 2.3.1
      '@standard-schema/spec': 1.1.0
      zod: 4.6.5

  '@standard-schema/spec@1.1.0': {}

  '@vercel/oidc@3.2.0': {}

  '@workflow/serde@4.1.0': {}

  ai@7.0.122(zod@4.6.5):
    dependencies:
      '@ai-sdk/gateway': 4.0.100(zod@4.6.5)
      '@ai-sdk/provider': 4.0.19
      '@ai-sdk/provider-utils': 5.0.51(zod@4.6.5)
      zod: 4.6.5

  cross-spawn@7.0.6:
    dependencies:
      path-key: 3.1.1
      shebang-command: 2.0.0
      which: 2.0.2

  eventsource-parser@3.1.1: {}

  eventsource@3.0.7:
    dependencies:
      eventsource-parser: 3.1.1

  isexe@2.0.0: {}

  jose@6.2.12: {}

  json-schema@0.4.0: {}

  path-key@3.1.1: {}

  pkce-challenge@5.0.1: {}

  shebang-command@2.0.0:
    dependencies:
      shebang-regex: 3.0.0

  shebang-regex@3.0.0: {}

  undici@7.30.0: {}

  which@2.0.2:
    dependencies:
      isexe: 2.0.0

  zod@4.6.5: {}
